<Solution>
  <Folder Name="/samples/todo/">
    <Project Path="samples/todo/aspire/apphost/apphost.csproj" />
    <Project Path="samples/todo/backend/backend.csproj" />
  </Folder>
  <Folder Name="/shared/">
    <Project Path="shared/service-defaults/service-defaults.csproj" />
  </Folder>
</Solution>
